
Microsoft Visual Studio Solution File, Format Version 12.00
# Visual Studio Version 17
VisualStudioVersion = 17.3.32825.248
MinimumVisualStudioVersion = 10.0.40219.1
Project("{2150E333-8FDC-42A3-9474-1A3956D46DE8}") = "_Solution Items", "_Solution Items", "{3EED3E78-37B6-4404-9022-73E41EA0F366}"
	ProjectSection(SolutionItems) = preProject
		.editorconfig = .editorconfig
		..\.circleci\config.yml = ..\.circleci\config.yml
		..\README.md = ..\README.md
	EndProjectSection
EndProject
Project("{2150E333-8FDC-42A3-9474-1A3956D46DE8}") = "SDK", "SDK", "{B61610E1-BB47-42D5-808E-3DA370C7FA8B}"
	ProjectSection(SolutionItems) = preProject
		SDK\Directory.Build.props = SDK\Directory.Build.props
	EndProjectSection
EndProject
Project("{2150E333-8FDC-42A3-9474-1A3956D46DE8}") = "Tests", "Tests", "{B70C3509-426C-415E-AB37-345F91111861}"
EndProject
Project("{FAE04EC0-301F-11D3-BF4B-00C04F79EFBC}") = "Mathtone.Sdk.Utilities", "sdk\Mathtone.Sdk.Utilities\Mathtone.Sdk.Utilities.csproj", "{FFC2D217-D8E3-4A7E-9B3A-D405E2D29E3C}"
EndProject
Project("{FAE04EC0-301F-11D3-BF4B-00C04F79EFBC}") = "Mathtone.Sdk.Utilities.Tests", "tests\Mathtone.Sdk.Utilities.Tests\Mathtone.Sdk.Utilities.Tests.csproj", "{D0347A13-616A-485F-BC1C-3126D784F6A0}"
EndProject
Global
	GlobalSection(SolutionConfigurationPlatforms) = preSolution
		Debug|Any CPU = Debug|Any CPU
		Release|Any CPU = Release|Any CPU
	EndGlobalSection
	GlobalSection(ProjectConfigurationPlatforms) = postSolution
		{FFC2D217-D8E3-4A7E-9B3A-D405E2D29E3C}.Debug|Any CPU.ActiveCfg = Debug|Any CPU
		{FFC2D217-D8E3-4A7E-9B3A-D405E2D29E3C}.Debug|Any CPU.Build.0 = Debug|Any CPU
		{FFC2D217-D8E3-4A7E-9B3A-D405E2D29E3C}.Release|Any CPU.ActiveCfg = Release|Any CPU
		{FFC2D217-D8E3-4A7E-9B3A-D405E2D29E3C}.Release|Any CPU.Build.0 = Release|Any CPU
		{D0347A13-616A-485F-BC1C-3126D784F6A0}.Debug|Any CPU.ActiveCfg = Debug|Any CPU
		{D0347A13-616A-485F-BC1C-3126D784F6A0}.Debug|Any CPU.Build.0 = Debug|Any CPU
		{D0347A13-616A-485F-BC1C-3126D784F6A0}.Release|Any CPU.ActiveCfg = Release|Any CPU
		{D0347A13-616A-485F-BC1C-3126D784F6A0}.Release|Any CPU.Build.0 = Release|Any CPU
	EndGlobalSection
	GlobalSection(SolutionProperties) = preSolution
		HideSolutionNode = FALSE
	EndGlobalSection
	GlobalSection(NestedProjects) = preSolution
		{FFC2D217-D8E3-4A7E-9B3A-D405E2D29E3C} = {B61610E1-BB47-42D5-808E-3DA370C7FA8B}
		{D0347A13-616A-485F-BC1C-3126D784F6A0} = {B70C3509-426C-415E-AB37-345F91111861}
	EndGlobalSection
	GlobalSection(ExtensibilityGlobals) = postSolution
		SolutionGuid = {F1ECC16B-6552-46D7-A5D2-53F968867145}
	EndGlobalSection
EndGlobal
