
Microsoft Visual Studio Solution File, Format Version 12.00
# Visual Studio Version 17
VisualStudioVersion = 17.3.32825.248
MinimumVisualStudioVersion = 10.0.40219.1
Project("{2150E333-8FDC-42A3-9474-1A3956D46DE8}") = "_Solution Items", "_Solution Items", "{3EED3E78-37B6-4404-9022-73E41EA0F366}"
	ProjectSection(SolutionItems) = preProject
		.editorconfig = .editorconfig
		.runsettings = .runsettings
		..\.circleci\config.yml = ..\.circleci\config.yml
		Icon.png = Icon.png
		..\README.md = ..\README.md
		sonar-project-properties = sonar-project-properties
	EndProjectSection
EndProject
Project("{2150E333-8FDC-42A3-9474-1A3956D46DE8}") = "A. SDK", "A. SDK", "{B61610E1-BB47-42D5-808E-3DA370C7FA8B}"
	ProjectSection(SolutionItems) = preProject
		SDK\Directory.Build.props = SDK\Directory.Build.props
	EndProjectSection
EndProject
Project("{2150E333-8FDC-42A3-9474-1A3956D46DE8}") = "X. Tests", "X. Tests", "{B70C3509-426C-415E-AB37-345F91111861}"
EndProject
Project("{9A19103F-16F7-4668-BE54-9A1E7A4F7556}") = "Mathtone.Sdk.Utilities", "sdk\Mathtone.Sdk.Utilities\Mathtone.Sdk.Utilities.csproj", "{FFC2D217-D8E3-4A7E-9B3A-D405E2D29E3C}"
EndProject
Project("{9A19103F-16F7-4668-BE54-9A1E7A4F7556}") = "Mathtone.Sdk.Utilities.Tests", "tests\Mathtone.Sdk.Utilities.Tests\Mathtone.Sdk.Utilities.Tests.csproj", "{D0347A13-616A-485F-BC1C-3126D784F6A0}"
EndProject
Project("{9A19103F-16F7-4668-BE54-9A1E7A4F7556}") = "Mathtone.Sdk.Common", "sdk\Mathtone.Sdk.Common\Mathtone.Sdk.Common.csproj", "{E1FCFAE5-68A8-4D02-B91A-16A1F212215A}"
EndProject
Project("{9A19103F-16F7-4668-BE54-9A1E7A4F7556}") = "Mathtone.Sdk.Common.Tests", "tests\Mathtone.Sdk.Common.Tests\Mathtone.Sdk.Common.Tests.csproj", "{46B2426B-C0CF-484E-9F7B-93A6F5A4227F}"
EndProject
Project("{9A19103F-16F7-4668-BE54-9A1E7A4F7556}") = "Mathtone.Sdk.Testing.Xunit", "sdk\Mathtone.Sdk.Testing.Xunit\Mathtone.Sdk.Testing.Xunit.csproj", "{3ABEBE90-1B25-4F46-8B97-1BC3912E6EFB}"
EndProject
Project("{9A19103F-16F7-4668-BE54-9A1E7A4F7556}") = "Mathtone.Sdk.Testing.Xunit.Tests", "tests\Mathtone.Sdk.Testing.Xunit.Tests\Mathtone.Sdk.Testing.Xunit.Tests.csproj", "{F4C9DED3-7049-4A7D-A9FC-4ECA745046F9}"
EndProject
Project("{9A19103F-16F7-4668-BE54-9A1E7A4F7556}") = "Mathtone.Sdk.Data", "sdk\Mathtone.Sdk.Data\Mathtone.Sdk.Data.csproj", "{0F749E62-915B-4B96-9266-3E1B107D685E}"
EndProject
Project("{9A19103F-16F7-4668-BE54-9A1E7A4F7556}") = "Mathtone.Sdk.Data.Tests", "tests\Mathtone.Sdk.Data.Tests\Mathtone.Sdk.Data.Tests.csproj", "{1BE6FB36-3BD4-47EB-94E5-E85FBC510410}"
EndProject
Project("{9A19103F-16F7-4668-BE54-9A1E7A4F7556}") = "Mathtone.Sdk.Logging", "sdk\Mathtone.Sdk.Logging\Mathtone.Sdk.Logging.csproj", "{DB73D5F1-730F-4663-9764-F0F320272CE0}"
EndProject
Project("{9A19103F-16F7-4668-BE54-9A1E7A4F7556}") = "Mathtone.Sdk.Logging.Tests", "tests\Mathtone.Sdk.Logging.Tests\Mathtone.Sdk.Logging.Tests.csproj", "{C687460A-9E12-48DB-980F-814D9683DEC4}"
EndProject
Project("{9A19103F-16F7-4668-BE54-9A1E7A4F7556}") = "_Sandbox", "tests\Sandbox\_Sandbox.csproj", "{038EC6A9-D6C9-426E-AB2B-EC8313D68D4B}"
EndProject
Project("{9A19103F-16F7-4668-BE54-9A1E7A4F7556}") = "Mathtone.Sdk.Data.Sql", "sdk\Mathtone.Sdk.Data.Sql\Mathtone.Sdk.Data.Sql.csproj", "{50B8DC99-D092-43E4-AA57-62D7B481586D}"
EndProject
Project("{2150E333-8FDC-42A3-9474-1A3956D46DE8}") = "Common", "Common", "{C778CE6C-DBA7-45F9-9D75-4C9175C5C004}"
EndProject
Project("{2150E333-8FDC-42A3-9474-1A3956D46DE8}") = "Data", "Data", "{624FDC72-C7D1-4A91-BE0D-5D3162A79643}"
EndProject
Project("{2150E333-8FDC-42A3-9474-1A3956D46DE8}") = "Testing", "Testing", "{F89E0F7A-E9B3-4D45-A995-9E0C6F3D6E61}"
EndProject
Project("{2150E333-8FDC-42A3-9474-1A3956D46DE8}") = "Common", "Common", "{F54C7977-D801-490D-91C6-D6BC81ED470D}"
EndProject
Project("{2150E333-8FDC-42A3-9474-1A3956D46DE8}") = "Data", "Data", "{E4EBA490-FD3A-455C-884C-8FBD30C24C93}"
EndProject
Project("{2150E333-8FDC-42A3-9474-1A3956D46DE8}") = "Testing", "Testing", "{C7066365-BC40-4138-9220-0025052B9F2E}"
EndProject
Project("{9A19103F-16F7-4668-BE54-9A1E7A4F7556}") = "Mathtone.Sdk.Data.Npgsql", "sdk\Mathtone.Sdk.Data.Npgsql\Mathtone.Sdk.Data.Npgsql.csproj", "{B070D71D-EB8D-469A-9383-39BB793FADE3}"
EndProject
Project("{9A19103F-16F7-4668-BE54-9A1E7A4F7556}") = "Mathtone.Sdk.Data.Npgsql.Tests", "tests\Mathtone.Sdk.Data.Npgsql.Tests\Mathtone.Sdk.Data.Npgsql.Tests.csproj", "{861D7AA6-3DC2-4AB8-A359-E7E69F1A71AD}"
EndProject
Project("{9A19103F-16F7-4668-BE54-9A1E7A4F7556}") = "Mathtone.Sdk.Data.Sql.Tests", "tests\Mathtone.Sdk.Data.Sql.Tests\Mathtone.Sdk.Data.Sql.Tests.csproj", "{DBAEA763-BFE9-431B-A680-36D780B4025E}"
EndProject
Project("{9A19103F-16F7-4668-BE54-9A1E7A4F7556}") = "Mathtone.Sdk.Logging.Console", "sdk\Mathtone.Sdk.Logging.Console\Mathtone.Sdk.Logging.Console.csproj", "{CBD4D807-2B67-4262-910A-4959326F6E10}"
EndProject
Project("{9A19103F-16F7-4668-BE54-9A1E7A4F7556}") = "build-util", "..\tools\build-util\build-util.csproj", "{9F4F52DA-47CC-45D9-8FD6-C3C071B847FD}"
EndProject
Project("{9A19103F-16F7-4668-BE54-9A1E7A4F7556}") = "Mathtone.Sdk.Testing", "sdk\Mathtone.Sdk.Testing\Mathtone.Sdk.Testing.csproj", "{BE59EC1F-34EB-4C55-B780-1AD245FEDC28}"
EndProject
Project("{9A19103F-16F7-4668-BE54-9A1E7A4F7556}") = "Mathtone.Sdk.Services", "sdk\Mathtone.Sdk.Services\Mathtone.Sdk.Services.csproj", "{F3896984-DB4E-4F5F-96F1-4572FB143893}"
EndProject
Project("{9A19103F-16F7-4668-BE54-9A1E7A4F7556}") = "Mathtone.Sdk.Services.Tests", "tests\Mathtone.Sdk.Services.Tests\Mathtone.Sdk.Services.Tests.csproj", "{FEA5F972-9C87-4B18-8D78-14F3FFF86849}"
EndProject
Project("{9A19103F-16F7-4668-BE54-9A1E7A4F7556}") = "Mathtone.Sdk.Logging.Console.Tests", "tests\Mathtone.Sdk.Logging.Console.Tests\Mathtone.Sdk.Logging.Console.Tests.csproj", "{C408577B-B7DD-46D0-B055-BB2425880902}"
EndProject
Project("{9A19103F-16F7-4668-BE54-9A1E7A4F7556}") = "Mathtone.Sdk.Graphs", "sdk\Mathtone.Sdk.Graphs\Mathtone.Sdk.Graphs.csproj", "{E995B1BB-69E4-43AF-B8FA-90E22678E7B7}"
EndProject
Project("{9A19103F-16F7-4668-BE54-9A1E7A4F7556}") = "Mathtone.Sdk.Graphs.Tests", "tests\Mathtone.Sdk.Graphs.Tests\Mathtone.Sdk.Graphs.Tests.csproj", "{77192C03-D010-46D6-B370-6A9A42FDF7E1}"
EndProject
Project("{9A19103F-16F7-4668-BE54-9A1E7A4F7556}") = "Mathtone.Sdk.Rng", "sdk\Mathtone.Sdk.Rng\Mathtone.Sdk.Rng.csproj", "{636EB605-2607-45D4-B806-3E4399230D44}"
EndProject
Project("{9A19103F-16F7-4668-BE54-9A1E7A4F7556}") = "Mathtone.Sdk.Rng.Tests", "tests\Mathtone.Sdk.Rng.Tests\Mathtone.Sdk.Rng.Tests.csproj", "{489C915D-E3B1-410F-9508-12C198281B03}"
EndProject
Project("{9A19103F-16F7-4668-BE54-9A1E7A4F7556}") = "Mathtone.Sdk.Time", "sdk\Mathtone.Sdk.Time\Mathtone.Sdk.Time.csproj", "{B3269FF5-B753-4CF9-AEE2-A51869A18F52}"
EndProject
Project("{9A19103F-16F7-4668-BE54-9A1E7A4F7556}") = "Mathtone.Sdk.Time.Tests", "tests\Mathtone.Sdk.Time.Tests\Mathtone.Sdk.Time.Tests.csproj", "{86D78AAA-45AB-4085-9DC7-2FEC6055E1B3}"
EndProject
Project("{9A19103F-16F7-4668-BE54-9A1E7A4F7556}") = "Mathtone.Sdk.Patterns", "sdk\Mathtone.Sdk.Patterns\Mathtone.Sdk.Patterns.csproj", "{BB7F44DB-82E2-4FB4-9A30-B9034F9121AB}"
EndProject
Project("{9A19103F-16F7-4668-BE54-9A1E7A4F7556}") = "Mathtone.Sdk.Patterns.Tests", "tests\Mathtone.Sdk.Patterns.Tests\Mathtone.Sdk.Patterns.Tests.csproj", "{9243888F-1F0D-4BC8-B3AF-54431895678E}"
EndProject
Project("{9A19103F-16F7-4668-BE54-9A1E7A4F7556}") = "Mathtone.Sdk.Reactive", "sdk\Mathtone.Sdk.Reactive\Mathtone.Sdk.Reactive.csproj", "{9002E606-76DD-47CE-BD1A-24953C2D0137}"
EndProject
Project("{9A19103F-16F7-4668-BE54-9A1E7A4F7556}") = "Mathtone.Sdk.Reactive.Tests", "tests\Mathtone.Sdk.Reactive.Tests\Mathtone.Sdk.Reactive.Tests.csproj", "{409D91A8-439E-4F00-8BA4-01D8261D8F69}"
EndProject
Project("{9A19103F-16F7-4668-BE54-9A1E7A4F7556}") = "Mathtone.Sdk.NeuralNetworks", "sdk\Mathtone.Sdk.NeuralNetworks\Mathtone.Sdk.NeuralNetworks.csproj", "{C8A4C1CB-8A6E-4D10-AC59-847FE6A0D014}"
EndProject
Project("{9A19103F-16F7-4668-BE54-9A1E7A4F7556}") = "Mathtone.Sdk.Telemetry", "sdk\Mathtone.Sdk.Telemetry\Mathtone.Sdk.Telemetry.csproj", "{79807C58-06AF-4705-A87F-8993B5D4D64E}"
EndProject
Project("{9A19103F-16F7-4668-BE54-9A1E7A4F7556}") = "Mathtone.Sdk.Telemetry.Generators", "sdk\Mathtone.Sdk.Telemetry.Generators\Mathtone.Sdk.Telemetry.Generators.csproj", "{9BA1E39E-00B2-48C5-8C9E-F994C7D44018}"
EndProject
Project("{FAE04EC0-301F-11D3-BF4B-00C04F79EFBC}") = "Mathtone.Sdk.Telemetry.Tests", "tests\Mathtone.Sdk.Telemetry.Tests\Mathtone.Sdk.Telemetry.Tests.csproj", "{9B1B6C2A-E50A-42AF-8A0C-F01613FE98EF}"
EndProject
Global
	GlobalSection(SolutionConfigurationPlatforms) = preSolution
		Debug|Any CPU = Debug|Any CPU
		Release|Any CPU = Release|Any CPU
	EndGlobalSection
	GlobalSection(ProjectConfigurationPlatforms) = postSolution
		{FFC2D217-D8E3-4A7E-9B3A-D405E2D29E3C}.Debug|Any CPU.ActiveCfg = Debug|Any CPU
		{FFC2D217-D8E3-4A7E-9B3A-D405E2D29E3C}.Debug|Any CPU.Build.0 = Debug|Any CPU
		{FFC2D217-D8E3-4A7E-9B3A-D405E2D29E3C}.Release|Any CPU.ActiveCfg = Release|Any CPU
		{FFC2D217-D8E3-4A7E-9B3A-D405E2D29E3C}.Release|Any CPU.Build.0 = Release|Any CPU
		{D0347A13-616A-485F-BC1C-3126D784F6A0}.Debug|Any CPU.ActiveCfg = Debug|Any CPU
		{D0347A13-616A-485F-BC1C-3126D784F6A0}.Debug|Any CPU.Build.0 = Debug|Any CPU
		{D0347A13-616A-485F-BC1C-3126D784F6A0}.Release|Any CPU.ActiveCfg = Release|Any CPU
		{D0347A13-616A-485F-BC1C-3126D784F6A0}.Release|Any CPU.Build.0 = Release|Any CPU
		{E1FCFAE5-68A8-4D02-B91A-16A1F212215A}.Debug|Any CPU.ActiveCfg = Debug|Any CPU
		{E1FCFAE5-68A8-4D02-B91A-16A1F212215A}.Debug|Any CPU.Build.0 = Debug|Any CPU
		{E1FCFAE5-68A8-4D02-B91A-16A1F212215A}.Release|Any CPU.ActiveCfg = Release|Any CPU
		{E1FCFAE5-68A8-4D02-B91A-16A1F212215A}.Release|Any CPU.Build.0 = Release|Any CPU
		{46B2426B-C0CF-484E-9F7B-93A6F5A4227F}.Debug|Any CPU.ActiveCfg = Debug|Any CPU
		{46B2426B-C0CF-484E-9F7B-93A6F5A4227F}.Debug|Any CPU.Build.0 = Debug|Any CPU
		{46B2426B-C0CF-484E-9F7B-93A6F5A4227F}.Release|Any CPU.ActiveCfg = Release|Any CPU
		{46B2426B-C0CF-484E-9F7B-93A6F5A4227F}.Release|Any CPU.Build.0 = Release|Any CPU
		{3ABEBE90-1B25-4F46-8B97-1BC3912E6EFB}.Debug|Any CPU.ActiveCfg = Debug|Any CPU
		{3ABEBE90-1B25-4F46-8B97-1BC3912E6EFB}.Debug|Any CPU.Build.0 = Debug|Any CPU
		{3ABEBE90-1B25-4F46-8B97-1BC3912E6EFB}.Release|Any CPU.ActiveCfg = Release|Any CPU
		{3ABEBE90-1B25-4F46-8B97-1BC3912E6EFB}.Release|Any CPU.Build.0 = Release|Any CPU
		{F4C9DED3-7049-4A7D-A9FC-4ECA745046F9}.Debug|Any CPU.ActiveCfg = Debug|Any CPU
		{F4C9DED3-7049-4A7D-A9FC-4ECA745046F9}.Debug|Any CPU.Build.0 = Debug|Any CPU
		{F4C9DED3-7049-4A7D-A9FC-4ECA745046F9}.Release|Any CPU.ActiveCfg = Release|Any CPU
		{F4C9DED3-7049-4A7D-A9FC-4ECA745046F9}.Release|Any CPU.Build.0 = Release|Any CPU
		{0F749E62-915B-4B96-9266-3E1B107D685E}.Debug|Any CPU.ActiveCfg = Debug|Any CPU
		{0F749E62-915B-4B96-9266-3E1B107D685E}.Debug|Any CPU.Build.0 = Debug|Any CPU
		{0F749E62-915B-4B96-9266-3E1B107D685E}.Release|Any CPU.ActiveCfg = Release|Any CPU
		{0F749E62-915B-4B96-9266-3E1B107D685E}.Release|Any CPU.Build.0 = Release|Any CPU
		{1BE6FB36-3BD4-47EB-94E5-E85FBC510410}.Debug|Any CPU.ActiveCfg = Debug|Any CPU
		{1BE6FB36-3BD4-47EB-94E5-E85FBC510410}.Debug|Any CPU.Build.0 = Debug|Any CPU
		{1BE6FB36-3BD4-47EB-94E5-E85FBC510410}.Release|Any CPU.ActiveCfg = Release|Any CPU
		{1BE6FB36-3BD4-47EB-94E5-E85FBC510410}.Release|Any CPU.Build.0 = Release|Any CPU
		{DB73D5F1-730F-4663-9764-F0F320272CE0}.Debug|Any CPU.ActiveCfg = Debug|Any CPU
		{DB73D5F1-730F-4663-9764-F0F320272CE0}.Debug|Any CPU.Build.0 = Debug|Any CPU
		{DB73D5F1-730F-4663-9764-F0F320272CE0}.Release|Any CPU.ActiveCfg = Release|Any CPU
		{DB73D5F1-730F-4663-9764-F0F320272CE0}.Release|Any CPU.Build.0 = Release|Any CPU
		{C687460A-9E12-48DB-980F-814D9683DEC4}.Debug|Any CPU.ActiveCfg = Debug|Any CPU
		{C687460A-9E12-48DB-980F-814D9683DEC4}.Debug|Any CPU.Build.0 = Debug|Any CPU
		{C687460A-9E12-48DB-980F-814D9683DEC4}.Release|Any CPU.ActiveCfg = Release|Any CPU
		{C687460A-9E12-48DB-980F-814D9683DEC4}.Release|Any CPU.Build.0 = Release|Any CPU
		{038EC6A9-D6C9-426E-AB2B-EC8313D68D4B}.Debug|Any CPU.ActiveCfg = Debug|Any CPU
		{038EC6A9-D6C9-426E-AB2B-EC8313D68D4B}.Debug|Any CPU.Build.0 = Debug|Any CPU
		{038EC6A9-D6C9-426E-AB2B-EC8313D68D4B}.Release|Any CPU.ActiveCfg = Release|Any CPU
		{038EC6A9-D6C9-426E-AB2B-EC8313D68D4B}.Release|Any CPU.Build.0 = Release|Any CPU
		{50B8DC99-D092-43E4-AA57-62D7B481586D}.Debug|Any CPU.ActiveCfg = Debug|Any CPU
		{50B8DC99-D092-43E4-AA57-62D7B481586D}.Debug|Any CPU.Build.0 = Debug|Any CPU
		{50B8DC99-D092-43E4-AA57-62D7B481586D}.Release|Any CPU.ActiveCfg = Release|Any CPU
		{50B8DC99-D092-43E4-AA57-62D7B481586D}.Release|Any CPU.Build.0 = Release|Any CPU
		{B070D71D-EB8D-469A-9383-39BB793FADE3}.Debug|Any CPU.ActiveCfg = Debug|Any CPU
		{B070D71D-EB8D-469A-9383-39BB793FADE3}.Debug|Any CPU.Build.0 = Debug|Any CPU
		{B070D71D-EB8D-469A-9383-39BB793FADE3}.Release|Any CPU.ActiveCfg = Release|Any CPU
		{B070D71D-EB8D-469A-9383-39BB793FADE3}.Release|Any CPU.Build.0 = Release|Any CPU
		{861D7AA6-3DC2-4AB8-A359-E7E69F1A71AD}.Debug|Any CPU.ActiveCfg = Debug|Any CPU
		{861D7AA6-3DC2-4AB8-A359-E7E69F1A71AD}.Debug|Any CPU.Build.0 = Debug|Any CPU
		{861D7AA6-3DC2-4AB8-A359-E7E69F1A71AD}.Release|Any CPU.ActiveCfg = Release|Any CPU
		{861D7AA6-3DC2-4AB8-A359-E7E69F1A71AD}.Release|Any CPU.Build.0 = Release|Any CPU
		{DBAEA763-BFE9-431B-A680-36D780B4025E}.Debug|Any CPU.ActiveCfg = Debug|Any CPU
		{DBAEA763-BFE9-431B-A680-36D780B4025E}.Debug|Any CPU.Build.0 = Debug|Any CPU
		{DBAEA763-BFE9-431B-A680-36D780B4025E}.Release|Any CPU.ActiveCfg = Release|Any CPU
		{DBAEA763-BFE9-431B-A680-36D780B4025E}.Release|Any CPU.Build.0 = Release|Any CPU
		{CBD4D807-2B67-4262-910A-4959326F6E10}.Debug|Any CPU.ActiveCfg = Debug|Any CPU
		{CBD4D807-2B67-4262-910A-4959326F6E10}.Debug|Any CPU.Build.0 = Debug|Any CPU
		{CBD4D807-2B67-4262-910A-4959326F6E10}.Release|Any CPU.ActiveCfg = Release|Any CPU
		{CBD4D807-2B67-4262-910A-4959326F6E10}.Release|Any CPU.Build.0 = Release|Any CPU
		{9F4F52DA-47CC-45D9-8FD6-C3C071B847FD}.Debug|Any CPU.ActiveCfg = Debug|Any CPU
		{9F4F52DA-47CC-45D9-8FD6-C3C071B847FD}.Debug|Any CPU.Build.0 = Debug|Any CPU
		{9F4F52DA-47CC-45D9-8FD6-C3C071B847FD}.Release|Any CPU.ActiveCfg = Release|Any CPU
		{9F4F52DA-47CC-45D9-8FD6-C3C071B847FD}.Release|Any CPU.Build.0 = Release|Any CPU
		{BE59EC1F-34EB-4C55-B780-1AD245FEDC28}.Debug|Any CPU.ActiveCfg = Debug|Any CPU
		{BE59EC1F-34EB-4C55-B780-1AD245FEDC28}.Debug|Any CPU.Build.0 = Debug|Any CPU
		{BE59EC1F-34EB-4C55-B780-1AD245FEDC28}.Release|Any CPU.ActiveCfg = Release|Any CPU
		{BE59EC1F-34EB-4C55-B780-1AD245FEDC28}.Release|Any CPU.Build.0 = Release|Any CPU
		{F3896984-DB4E-4F5F-96F1-4572FB143893}.Debug|Any CPU.ActiveCfg = Debug|Any CPU
		{F3896984-DB4E-4F5F-96F1-4572FB143893}.Debug|Any CPU.Build.0 = Debug|Any CPU
		{F3896984-DB4E-4F5F-96F1-4572FB143893}.Release|Any CPU.ActiveCfg = Release|Any CPU
		{F3896984-DB4E-4F5F-96F1-4572FB143893}.Release|Any CPU.Build.0 = Release|Any CPU
		{FEA5F972-9C87-4B18-8D78-14F3FFF86849}.Debug|Any CPU.ActiveCfg = Debug|Any CPU
		{FEA5F972-9C87-4B18-8D78-14F3FFF86849}.Debug|Any CPU.Build.0 = Debug|Any CPU
		{FEA5F972-9C87-4B18-8D78-14F3FFF86849}.Release|Any CPU.ActiveCfg = Release|Any CPU
		{FEA5F972-9C87-4B18-8D78-14F3FFF86849}.Release|Any CPU.Build.0 = Release|Any CPU
		{C408577B-B7DD-46D0-B055-BB2425880902}.Debug|Any CPU.ActiveCfg = Debug|Any CPU
		{C408577B-B7DD-46D0-B055-BB2425880902}.Debug|Any CPU.Build.0 = Debug|Any CPU
		{C408577B-B7DD-46D0-B055-BB2425880902}.Release|Any CPU.ActiveCfg = Release|Any CPU
		{C408577B-B7DD-46D0-B055-BB2425880902}.Release|Any CPU.Build.0 = Release|Any CPU
		{E995B1BB-69E4-43AF-B8FA-90E22678E7B7}.Debug|Any CPU.ActiveCfg = Debug|Any CPU
		{E995B1BB-69E4-43AF-B8FA-90E22678E7B7}.Debug|Any CPU.Build.0 = Debug|Any CPU
		{E995B1BB-69E4-43AF-B8FA-90E22678E7B7}.Release|Any CPU.ActiveCfg = Release|Any CPU
		{E995B1BB-69E4-43AF-B8FA-90E22678E7B7}.Release|Any CPU.Build.0 = Release|Any CPU
		{77192C03-D010-46D6-B370-6A9A42FDF7E1}.Debug|Any CPU.ActiveCfg = Debug|Any CPU
		{77192C03-D010-46D6-B370-6A9A42FDF7E1}.Debug|Any CPU.Build.0 = Debug|Any CPU
		{77192C03-D010-46D6-B370-6A9A42FDF7E1}.Release|Any CPU.ActiveCfg = Release|Any CPU
		{77192C03-D010-46D6-B370-6A9A42FDF7E1}.Release|Any CPU.Build.0 = Release|Any CPU
		{636EB605-2607-45D4-B806-3E4399230D44}.Debug|Any CPU.ActiveCfg = Debug|Any CPU
		{636EB605-2607-45D4-B806-3E4399230D44}.Debug|Any CPU.Build.0 = Debug|Any CPU
		{636EB605-2607-45D4-B806-3E4399230D44}.Release|Any CPU.ActiveCfg = Release|Any CPU
		{636EB605-2607-45D4-B806-3E4399230D44}.Release|Any CPU.Build.0 = Release|Any CPU
		{489C915D-E3B1-410F-9508-12C198281B03}.Debug|Any CPU.ActiveCfg = Debug|Any CPU
		{489C915D-E3B1-410F-9508-12C198281B03}.Debug|Any CPU.Build.0 = Debug|Any CPU
		{489C915D-E3B1-410F-9508-12C198281B03}.Release|Any CPU.ActiveCfg = Release|Any CPU
		{489C915D-E3B1-410F-9508-12C198281B03}.Release|Any CPU.Build.0 = Release|Any CPU
		{B3269FF5-B753-4CF9-AEE2-A51869A18F52}.Debug|Any CPU.ActiveCfg = Debug|Any CPU
		{B3269FF5-B753-4CF9-AEE2-A51869A18F52}.Debug|Any CPU.Build.0 = Debug|Any CPU
		{B3269FF5-B753-4CF9-AEE2-A51869A18F52}.Release|Any CPU.ActiveCfg = Release|Any CPU
		{B3269FF5-B753-4CF9-AEE2-A51869A18F52}.Release|Any CPU.Build.0 = Release|Any CPU
		{86D78AAA-45AB-4085-9DC7-2FEC6055E1B3}.Debug|Any CPU.ActiveCfg = Debug|Any CPU
		{86D78AAA-45AB-4085-9DC7-2FEC6055E1B3}.Debug|Any CPU.Build.0 = Debug|Any CPU
		{86D78AAA-45AB-4085-9DC7-2FEC6055E1B3}.Release|Any CPU.ActiveCfg = Release|Any CPU
		{86D78AAA-45AB-4085-9DC7-2FEC6055E1B3}.Release|Any CPU.Build.0 = Release|Any CPU
		{BB7F44DB-82E2-4FB4-9A30-B9034F9121AB}.Debug|Any CPU.ActiveCfg = Debug|Any CPU
		{BB7F44DB-82E2-4FB4-9A30-B9034F9121AB}.Debug|Any CPU.Build.0 = Debug|Any CPU
		{BB7F44DB-82E2-4FB4-9A30-B9034F9121AB}.Release|Any CPU.ActiveCfg = Release|Any CPU
		{BB7F44DB-82E2-4FB4-9A30-B9034F9121AB}.Release|Any CPU.Build.0 = Release|Any CPU
		{9243888F-1F0D-4BC8-B3AF-54431895678E}.Debug|Any CPU.ActiveCfg = Debug|Any CPU
		{9243888F-1F0D-4BC8-B3AF-54431895678E}.Debug|Any CPU.Build.0 = Debug|Any CPU
		{9243888F-1F0D-4BC8-B3AF-54431895678E}.Release|Any CPU.ActiveCfg = Release|Any CPU
		{9243888F-1F0D-4BC8-B3AF-54431895678E}.Release|Any CPU.Build.0 = Release|Any CPU
		{9002E606-76DD-47CE-BD1A-24953C2D0137}.Debug|Any CPU.ActiveCfg = Debug|Any CPU
		{9002E606-76DD-47CE-BD1A-24953C2D0137}.Debug|Any CPU.Build.0 = Debug|Any CPU
		{9002E606-76DD-47CE-BD1A-24953C2D0137}.Release|Any CPU.ActiveCfg = Release|Any CPU
		{9002E606-76DD-47CE-BD1A-24953C2D0137}.Release|Any CPU.Build.0 = Release|Any CPU
		{409D91A8-439E-4F00-8BA4-01D8261D8F69}.Debug|Any CPU.ActiveCfg = Debug|Any CPU
		{409D91A8-439E-4F00-8BA4-01D8261D8F69}.Debug|Any CPU.Build.0 = Debug|Any CPU
		{409D91A8-439E-4F00-8BA4-01D8261D8F69}.Release|Any CPU.ActiveCfg = Release|Any CPU
		{409D91A8-439E-4F00-8BA4-01D8261D8F69}.Release|Any CPU.Build.0 = Release|Any CPU
		{C8A4C1CB-8A6E-4D10-AC59-847FE6A0D014}.Debug|Any CPU.ActiveCfg = Debug|Any CPU
		{C8A4C1CB-8A6E-4D10-AC59-847FE6A0D014}.Debug|Any CPU.Build.0 = Debug|Any CPU
		{C8A4C1CB-8A6E-4D10-AC59-847FE6A0D014}.Release|Any CPU.ActiveCfg = Release|Any CPU
		{C8A4C1CB-8A6E-4D10-AC59-847FE6A0D014}.Release|Any CPU.Build.0 = Release|Any CPU
		{79807C58-06AF-4705-A87F-8993B5D4D64E}.Debug|Any CPU.ActiveCfg = Debug|Any CPU
		{79807C58-06AF-4705-A87F-8993B5D4D64E}.Debug|Any CPU.Build.0 = Debug|Any CPU
		{79807C58-06AF-4705-A87F-8993B5D4D64E}.Release|Any CPU.ActiveCfg = Release|Any CPU
		{79807C58-06AF-4705-A87F-8993B5D4D64E}.Release|Any CPU.Build.0 = Release|Any CPU
		{9BA1E39E-00B2-48C5-8C9E-F994C7D44018}.Debug|Any CPU.ActiveCfg = Debug|Any CPU
		{9BA1E39E-00B2-48C5-8C9E-F994C7D44018}.Debug|Any CPU.Build.0 = Debug|Any CPU
		{9BA1E39E-00B2-48C5-8C9E-F994C7D44018}.Release|Any CPU.ActiveCfg = Release|Any CPU
		{9BA1E39E-00B2-48C5-8C9E-F994C7D44018}.Release|Any CPU.Build.0 = Release|Any CPU
		{9B1B6C2A-E50A-42AF-8A0C-F01613FE98EF}.Debug|Any CPU.ActiveCfg = Debug|Any CPU
		{9B1B6C2A-E50A-42AF-8A0C-F01613FE98EF}.Debug|Any CPU.Build.0 = Debug|Any CPU
		{9B1B6C2A-E50A-42AF-8A0C-F01613FE98EF}.Release|Any CPU.ActiveCfg = Release|Any CPU
		{9B1B6C2A-E50A-42AF-8A0C-F01613FE98EF}.Release|Any CPU.Build.0 = Release|Any CPU
	EndGlobalSection
	GlobalSection(SolutionProperties) = preSolution
		HideSolutionNode = FALSE
	EndGlobalSection
	GlobalSection(NestedProjects) = preSolution
		{FFC2D217-D8E3-4A7E-9B3A-D405E2D29E3C} = {C778CE6C-DBA7-45F9-9D75-4C9175C5C004}
		{D0347A13-616A-485F-BC1C-3126D784F6A0} = {F54C7977-D801-490D-91C6-D6BC81ED470D}
		{E1FCFAE5-68A8-4D02-B91A-16A1F212215A} = {C778CE6C-DBA7-45F9-9D75-4C9175C5C004}
		{46B2426B-C0CF-484E-9F7B-93A6F5A4227F} = {F54C7977-D801-490D-91C6-D6BC81ED470D}
		{3ABEBE90-1B25-4F46-8B97-1BC3912E6EFB} = {F89E0F7A-E9B3-4D45-A995-9E0C6F3D6E61}
		{F4C9DED3-7049-4A7D-A9FC-4ECA745046F9} = {C7066365-BC40-4138-9220-0025052B9F2E}
		{0F749E62-915B-4B96-9266-3E1B107D685E} = {624FDC72-C7D1-4A91-BE0D-5D3162A79643}
		{1BE6FB36-3BD4-47EB-94E5-E85FBC510410} = {E4EBA490-FD3A-455C-884C-8FBD30C24C93}
		{DB73D5F1-730F-4663-9764-F0F320272CE0} = {C778CE6C-DBA7-45F9-9D75-4C9175C5C004}
		{C687460A-9E12-48DB-980F-814D9683DEC4} = {F54C7977-D801-490D-91C6-D6BC81ED470D}
		{038EC6A9-D6C9-426E-AB2B-EC8313D68D4B} = {B70C3509-426C-415E-AB37-345F91111861}
		{50B8DC99-D092-43E4-AA57-62D7B481586D} = {624FDC72-C7D1-4A91-BE0D-5D3162A79643}
		{C778CE6C-DBA7-45F9-9D75-4C9175C5C004} = {B61610E1-BB47-42D5-808E-3DA370C7FA8B}
		{624FDC72-C7D1-4A91-BE0D-5D3162A79643} = {B61610E1-BB47-42D5-808E-3DA370C7FA8B}
		{F89E0F7A-E9B3-4D45-A995-9E0C6F3D6E61} = {B61610E1-BB47-42D5-808E-3DA370C7FA8B}
		{F54C7977-D801-490D-91C6-D6BC81ED470D} = {B70C3509-426C-415E-AB37-345F91111861}
		{E4EBA490-FD3A-455C-884C-8FBD30C24C93} = {B70C3509-426C-415E-AB37-345F91111861}
		{C7066365-BC40-4138-9220-0025052B9F2E} = {B70C3509-426C-415E-AB37-345F91111861}
		{B070D71D-EB8D-469A-9383-39BB793FADE3} = {624FDC72-C7D1-4A91-BE0D-5D3162A79643}
		{861D7AA6-3DC2-4AB8-A359-E7E69F1A71AD} = {E4EBA490-FD3A-455C-884C-8FBD30C24C93}
		{DBAEA763-BFE9-431B-A680-36D780B4025E} = {E4EBA490-FD3A-455C-884C-8FBD30C24C93}
		{CBD4D807-2B67-4262-910A-4959326F6E10} = {C778CE6C-DBA7-45F9-9D75-4C9175C5C004}
		{9F4F52DA-47CC-45D9-8FD6-C3C071B847FD} = {3EED3E78-37B6-4404-9022-73E41EA0F366}
		{BE59EC1F-34EB-4C55-B780-1AD245FEDC28} = {F89E0F7A-E9B3-4D45-A995-9E0C6F3D6E61}
		{F3896984-DB4E-4F5F-96F1-4572FB143893} = {C778CE6C-DBA7-45F9-9D75-4C9175C5C004}
		{FEA5F972-9C87-4B18-8D78-14F3FFF86849} = {F54C7977-D801-490D-91C6-D6BC81ED470D}
		{C408577B-B7DD-46D0-B055-BB2425880902} = {F54C7977-D801-490D-91C6-D6BC81ED470D}
		{E995B1BB-69E4-43AF-B8FA-90E22678E7B7} = {C778CE6C-DBA7-45F9-9D75-4C9175C5C004}
		{77192C03-D010-46D6-B370-6A9A42FDF7E1} = {F54C7977-D801-490D-91C6-D6BC81ED470D}
		{636EB605-2607-45D4-B806-3E4399230D44} = {C778CE6C-DBA7-45F9-9D75-4C9175C5C004}
		{489C915D-E3B1-410F-9508-12C198281B03} = {F54C7977-D801-490D-91C6-D6BC81ED470D}
		{B3269FF5-B753-4CF9-AEE2-A51869A18F52} = {C778CE6C-DBA7-45F9-9D75-4C9175C5C004}
		{86D78AAA-45AB-4085-9DC7-2FEC6055E1B3} = {F54C7977-D801-490D-91C6-D6BC81ED470D}
		{BB7F44DB-82E2-4FB4-9A30-B9034F9121AB} = {C778CE6C-DBA7-45F9-9D75-4C9175C5C004}
		{9243888F-1F0D-4BC8-B3AF-54431895678E} = {F54C7977-D801-490D-91C6-D6BC81ED470D}
		{9002E606-76DD-47CE-BD1A-24953C2D0137} = {C778CE6C-DBA7-45F9-9D75-4C9175C5C004}
		{409D91A8-439E-4F00-8BA4-01D8261D8F69} = {F54C7977-D801-490D-91C6-D6BC81ED470D}
		{C8A4C1CB-8A6E-4D10-AC59-847FE6A0D014} = {C778CE6C-DBA7-45F9-9D75-4C9175C5C004}
		{79807C58-06AF-4705-A87F-8993B5D4D64E} = {C778CE6C-DBA7-45F9-9D75-4C9175C5C004}
		{9BA1E39E-00B2-48C5-8C9E-F994C7D44018} = {C778CE6C-DBA7-45F9-9D75-4C9175C5C004}
		{9B1B6C2A-E50A-42AF-8A0C-F01613FE98EF} = {F54C7977-D801-490D-91C6-D6BC81ED470D}
	EndGlobalSection
	GlobalSection(ExtensibilityGlobals) = postSolution
		SolutionGuid = {F1ECC16B-6552-46D7-A5D2-53F968867145}
	EndGlobalSection
EndGlobal
